
Microsoft Visual Studio Solution File, Format Version 12.00
# Visual Studio 2013
VisualStudioVersion = 12.0.21005.1
MinimumVisualStudioVersion = 10.0.40219.1
Project("{FAE04EC0-301F-11D3-BF4B-00C04F79EFBC}") = "MvcApplication3", "MvcApplication3\MvcApplication3.csproj", "{47C0246E-43C1-4332-9063-F004690C9886}"
EndProject
Project("{FAE04EC0-301F-11D3-BF4B-00C04F79EFBC}") = "MvcApplication3.Tests", "MvcApplication3.Tests\MvcApplication3.Tests.csproj", "{22752708-B730-467F-8ECB-7E1012EBE40E}"
EndProject
Global
	GlobalSection(SolutionConfigurationPlatforms) = preSolution
		Debug|Any CPU = Debug|Any CPU
		Release|Any CPU = Release|Any CPU
	EndGlobalSection
	GlobalSection(ProjectConfigurationPlatforms) = postSolution
		{47C0246E-43C1-4332-9063-F004690C9886}.Debug|Any CPU.ActiveCfg = Debug|Any CPU
		{47C0246E-43C1-4332-9063-F004690C9886}.Debug|Any CPU.Build.0 = Debug|Any CPU
		{47C0246E-43C1-4332-9063-F004690C9886}.Release|Any CPU.ActiveCfg = Release|Any CPU
		{47C0246E-43C1-4332-9063-F004690C9886}.Release|Any CPU.Build.0 = Release|Any CPU
		{22752708-B730-467F-8ECB-7E1012EBE40E}.Debug|Any CPU.ActiveCfg = Debug|Any CPU
		{22752708-B730-467F-8ECB-7E1012EBE40E}.Debug|Any CPU.Build.0 = Debug|Any CPU
		{22752708-B730-467F-8ECB-7E1012EBE40E}.Release|Any CPU.ActiveCfg = Release|Any CPU
		{22752708-B730-467F-8ECB-7E1012EBE40E}.Release|Any CPU.Build.0 = Release|Any CPU
	EndGlobalSection
	GlobalSection(SolutionProperties) = preSolution
		HideSolutionNode = FALSE
	EndGlobalSection
EndGlobal
